Microsoft Visual Studio Solution File, Format Version 9.00
# Visual Studio 2005
Project("{8BC9CEB8-8B4A-11D0-8D11-00A0C91BC942}") = "libltkc", "libltkc\libltkc.vcproj", "{B40AD31F-F896-4F59-BDAE-F086C9FDBC70}"
EndProject
Project("{8BC9CEB8-8B4A-11D0-8D11-00A0C91BC942}") = "libltkcllrporg", "libltkcllrporg\libltkcllrporg.vcproj", "{4E89CB57-DFEB-4D17-8DCD-158FB22BD1E6}"
EndProject
Project("{8BC9CEB8-8B4A-11D0-8D11-00A0C91BC942}") = "libtlkc_WinCE", "libtlkc_WinCE\libtlkc_WinCE.vcproj", "{4A0067BC-C937-4B56-ADE7-A502832D9FC5}"
EndProject
Project("{8BC9CEB8-8B4A-11D0-8D11-00A0C91BC942}") = "libltkcllrporg_WinCE", "libltkcllrporg_WinCE\libltkcllrporg_WinCE.vcproj", "{60FEB75F-28B0-44CC-BB61-C1B8D0BE7260}"
EndProject
Global
	GlobalSection(SolutionConfigurationPlatforms) = preSolution
		Debug|Mixed Platforms = Debug|Mixed Platforms
		Debug|Pocket PC 2003 (ARMV4) = Debug|Pocket PC 2003 (ARMV4)
		Debug|Smartphone 2003 (ARMV4) = Debug|Smartphone 2003 (ARMV4)
		Debug|Win32 = Debug|Win32
		Debug|Windows Mobile 5.0 Pocket PC SDK (ARMV4I) = Debug|Windows Mobile 5.0 Pocket PC SDK (ARMV4I)
		Debug|Windows Mobile 5.0 Smartphone SDK (ARMV4I) = Debug|Windows Mobile 5.0 Smartphone SDK (ARMV4I)
		Debug|Windows Mobile 6 Professional SDK (ARMV4I) = Debug|Windows Mobile 6 Professional SDK (ARMV4I)
		Release|Mixed Platforms = Release|Mixed Platforms
		Release|Pocket PC 2003 (ARMV4) = Release|Pocket PC 2003 (ARMV4)
		Release|Smartphone 2003 (ARMV4) = Release|Smartphone 2003 (ARMV4)
		Release|Win32 = Release|Win32
		Release|Windows Mobile 5.0 Pocket PC SDK (ARMV4I) = Release|Windows Mobile 5.0 Pocket PC SDK (ARMV4I)
		Release|Windows Mobile 5.0 Smartphone SDK (ARMV4I) = Release|Windows Mobile 5.0 Smartphone SDK (ARMV4I)
		Release|Windows Mobile 6 Professional SDK (ARMV4I) = Release|Windows Mobile 6 Professional SDK (ARMV4I)
	EndGlobalSection
	GlobalSection(ProjectConfigurationPlatforms) = postSolution
		{B40AD31F-F896-4F59-BDAE-F086C9FDBC70}.Debug|Mixed Platforms.ActiveCfg = Debug|Win32
		{B40AD31F-F896-4F59-BDAE-F086C9FDBC70}.Debug|Mixed Platforms.Build.0 = Debug|Win32
		{B40AD31F-F896-4F59-BDAE-F086C9FDBC70}.Debug|Pocket PC 2003 (ARMV4).ActiveCfg = Debug|Win32
		{B40AD31F-F896-4F59-BDAE-F086C9FDBC70}.Debug|Smartphone 2003 (ARMV4).ActiveCfg = Debug|Win32
		{B40AD31F-F896-4F59-BDAE-F086C9FDBC70}.Debug|Win32.ActiveCfg = Debug|Win32
		{B40AD31F-F896-4F59-BDAE-F086C9FDBC70}.Debug|Win32.Build.0 = Debug|Win32
		{B40AD31F-F896-4F59-BDAE-F086C9FDBC70}.Debug|Windows Mobile 5.0 Pocket PC SDK (ARMV4I).ActiveCfg = Debug|Win32
		{B40AD31F-F896-4F59-BDAE-F086C9FDBC70}.Debug|Windows Mobile 5.0 Smartphone SDK (ARMV4I).ActiveCfg = Debug|Win32
		{B40AD31F-F896-4F59-BDAE-F086C9FDBC70}.Debug|Windows Mobile 6 Professional SDK (ARMV4I).ActiveCfg = Debug|Win32
		{B40AD31F-F896-4F59-BDAE-F086C9FDBC70}.Release|Mixed Platforms.ActiveCfg = Release|Win32
		{B40AD31F-F896-4F59-BDAE-F086C9FDBC70}.Release|Mixed Platforms.Build.0 = Release|Win32
		{B40AD31F-F896-4F59-BDAE-F086C9FDBC70}.Release|Pocket PC 2003 (ARMV4).ActiveCfg = Release|Win32
		{B40AD31F-F896-4F59-BDAE-F086C9FDBC70}.Release|Smartphone 2003 (ARMV4).ActiveCfg = Release|Win32
		{B40AD31F-F896-4F59-BDAE-F086C9FDBC70}.Release|Win32.ActiveCfg = Release|Win32
		{B40AD31F-F896-4F59-BDAE-F086C9FDBC70}.Release|Win32.Build.0 = Release|Win32
		{B40AD31F-F896-4F59-BDAE-F086C9FDBC70}.Release|Windows Mobile 5.0 Pocket PC SDK (ARMV4I).ActiveCfg = Release|Win32
		{B40AD31F-F896-4F59-BDAE-F086C9FDBC70}.Release|Windows Mobile 5.0 Smartphone SDK (ARMV4I).ActiveCfg = Release|Win32
		{B40AD31F-F896-4F59-BDAE-F086C9FDBC70}.Release|Windows Mobile 6 Professional SDK (ARMV4I).ActiveCfg = Release|Win32
		{4E89CB57-DFEB-4D17-8DCD-158FB22BD1E6}.Debug|Mixed Platforms.ActiveCfg = Debug|Win32
		{4E89CB57-DFEB-4D17-8DCD-158FB22BD1E6}.Debug|Mixed Platforms.Build.0 = Debug|Win32
		{4E89CB57-DFEB-4D17-8DCD-158FB22BD1E6}.Debug|Pocket PC 2003 (ARMV4).ActiveCfg = Debug|Win32
		{4E89CB57-DFEB-4D17-8DCD-158FB22BD1E6}.Debug|Smartphone 2003 (ARMV4).ActiveCfg = Debug|Win32
		{4E89CB57-DFEB-4D17-8DCD-158FB22BD1E6}.Debug|Win32.ActiveCfg = Debug|Win32
		{4E89CB57-DFEB-4D17-8DCD-158FB22BD1E6}.Debug|Win32.Build.0 = Debug|Win32
		{4E89CB57-DFEB-4D17-8DCD-158FB22BD1E6}.Debug|Windows Mobile 5.0 Pocket PC SDK (ARMV4I).ActiveCfg = Debug|Win32
		{4E89CB57-DFEB-4D17-8DCD-158FB22BD1E6}.Debug|Windows Mobile 5.0 Smartphone SDK (ARMV4I).ActiveCfg = Debug|Win32
		{4E89CB57-DFEB-4D17-8DCD-158FB22BD1E6}.Debug|Windows Mobile 6 Professional SDK (ARMV4I).ActiveCfg = Debug|Win32
		{4E89CB57-DFEB-4D17-8DCD-158FB22BD1E6}.Release|Mixed Platforms.ActiveCfg = Release|Win32
		{4E89CB57-DFEB-4D17-8DCD-158FB22BD1E6}.Release|Mixed Platforms.Build.0 = Release|Win32
		{4E89CB57-DFEB-4D17-8DCD-158FB22BD1E6}.Release|Pocket PC 2003 (ARMV4).ActiveCfg = Release|Win32
		{4E89CB57-DFEB-4D17-8DCD-158FB22BD1E6}.Release|Smartphone 2003 (ARMV4).ActiveCfg = Release|Win32
		{4E89CB57-DFEB-4D17-8DCD-158FB22BD1E6}.Release|Win32.ActiveCfg = Release|Win32
		{4E89CB57-DFEB-4D17-8DCD-158FB22BD1E6}.Release|Win32.Build.0 = Release|Win32
		{4E89CB57-DFEB-4D17-8DCD-158FB22BD1E6}.Release|Windows Mobile 5.0 Pocket PC SDK (ARMV4I).ActiveCfg = Release|Win32
		{4E89CB57-DFEB-4D17-8DCD-158FB22BD1E6}.Release|Windows Mobile 5.0 Smartphone SDK (ARMV4I).ActiveCfg = Release|Win32
		{4E89CB57-DFEB-4D17-8DCD-158FB22BD1E6}.Release|Windows Mobile 6 Professional SDK (ARMV4I).ActiveCfg = Release|Win32
		{4A0067BC-C937-4B56-ADE7-A502832D9FC5}.Debug|Mixed Platforms.ActiveCfg = Debug|Windows Mobile 6 Professional SDK (ARMV4I)
		{4A0067BC-C937-4B56-ADE7-A502832D9FC5}.Debug|Mixed Platforms.Build.0 = Debug|Windows Mobile 6 Professional SDK (ARMV4I)
		{4A0067BC-C937-4B56-ADE7-A502832D9FC5}.Debug|Mixed Platforms.Deploy.0 = Debug|Windows Mobile 6 Professional SDK (ARMV4I)
		{4A0067BC-C937-4B56-ADE7-A502832D9FC5}.Debug|Pocket PC 2003 (ARMV4).ActiveCfg = Debug|Pocket PC 2003 (ARMV4)
		{4A0067BC-C937-4B56-ADE7-A502832D9FC5}.Debug|Pocket PC 2003 (ARMV4).Build.0 = Debug|Pocket PC 2003 (ARMV4)
		{4A0067BC-C937-4B56-ADE7-A502832D9FC5}.Debug|Pocket PC 2003 (ARMV4).Deploy.0 = Debug|Pocket PC 2003 (ARMV4)
		{4A0067BC-C937-4B56-ADE7-A502832D9FC5}.Debug|Smartphone 2003 (ARMV4).ActiveCfg = Debug|Smartphone 2003 (ARMV4)
		{4A0067BC-C937-4B56-ADE7-A502832D9FC5}.Debug|Smartphone 2003 (ARMV4).Build.0 = Debug|Smartphone 2003 (ARMV4)
		{4A0067BC-C937-4B56-ADE7-A502832D9FC5}.Debug|Smartphone 2003 (ARMV4).Deploy.0 = Debug|Smartphone 2003 (ARMV4)
		{4A0067BC-C937-4B56-ADE7-A502832D9FC5}.Debug|Win32.ActiveCfg = Debug|Windows Mobile 6 Professional SDK (ARMV4I)
		{4A0067BC-C937-4B56-ADE7-A502832D9FC5}.Debug|Win32.Build.0 = Debug|Windows Mobile 6 Professional SDK (ARMV4I)
		{4A0067BC-C937-4B56-ADE7-A502832D9FC5}.Debug|Windows Mobile 5.0 Pocket PC SDK (ARMV4I).ActiveCfg = Debug|Windows Mobile 5.0 Pocket PC SDK (ARMV4I)
		{4A0067BC-C937-4B56-ADE7-A502832D9FC5}.Debug|Windows Mobile 5.0 Pocket PC SDK (ARMV4I).Build.0 = Debug|Windows Mobile 5.0 Pocket PC SDK (ARMV4I)
		{4A0067BC-C937-4B56-ADE7-A502832D9FC5}.Debug|Windows Mobile 5.0 Pocket PC SDK (ARMV4I).Deploy.0 = Debug|Windows Mobile 5.0 Pocket PC SDK (ARMV4I)
		{4A0067BC-C937-4B56-ADE7-A502832D9FC5}.Debug|Windows Mobile 5.0 Smartphone SDK (ARMV4I).ActiveCfg = Debug|Windows Mobile 5.0 Smartphone SDK (ARMV4I)
		{4A0067BC-C937-4B56-ADE7-A502832D9FC5}.Debug|Windows Mobile 5.0 Smartphone SDK (ARMV4I).Build.0 = Debug|Windows Mobile 5.0 Smartphone SDK (ARMV4I)
		{4A0067BC-C937-4B56-ADE7-A502832D9FC5}.Debug|Windows Mobile 5.0 Smartphone SDK (ARMV4I).Deploy.0 = Debug|Windows Mobile 5.0 Smartphone SDK (ARMV4I)
		{4A0067BC-C937-4B56-ADE7-A502832D9FC5}.Debug|Windows Mobile 6 Professional SDK (ARMV4I).ActiveCfg = Debug|Windows Mobile 6 Professional SDK (ARMV4I)
		{4A0067BC-C937-4B56-ADE7-A502832D9FC5}.Debug|Windows Mobile 6 Professional SDK (ARMV4I).Build.0 = Debug|Windows Mobile 6 Professional SDK (ARMV4I)
		{4A0067BC-C937-4B56-ADE7-A502832D9FC5}.Debug|Windows Mobile 6 Professional SDK (ARMV4I).Deploy.0 = Debug|Windows Mobile 6 Professional SDK (ARMV4I)
		{4A0067BC-C937-4B56-ADE7-A502832D9FC5}.Release|Mixed Platforms.ActiveCfg = Release|Windows Mobile 6 Professional SDK (ARMV4I)
		{4A0067BC-C937-4B56-ADE7-A502832D9FC5}.Release|Mixed Platforms.Build.0 = Release|Windows Mobile 6 Professional SDK (ARMV4I)
		{4A0067BC-C937-4B56-ADE7-A502832D9FC5}.Release|Mixed Platforms.Deploy.0 = Release|Windows Mobile 6 Professional SDK (ARMV4I)
		{4A0067BC-C937-4B56-ADE7-A502832D9FC5}.Release|Pocket PC 2003 (ARMV4).ActiveCfg = Release|Pocket PC 2003 (ARMV4)
		{4A0067BC-C937-4B56-ADE7-A502832D9FC5}.Release|Pocket PC 2003 (ARMV4).Build.0 = Release|Pocket PC 2003 (ARMV4)
		{4A0067BC-C937-4B56-ADE7-A502832D9FC5}.Release|Pocket PC 2003 (ARMV4).Deploy.0 = Release|Pocket PC 2003 (ARMV4)
		{4A0067BC-C937-4B56-ADE7-A502832D9FC5}.Release|Smartphone 2003 (ARMV4).ActiveCfg = Release|Smartphone 2003 (ARMV4)
		{4A0067BC-C937-4B56-ADE7-A502832D9FC5}.Release|Smartphone 2003 (ARMV4).Build.0 = Release|Smartphone 2003 (ARMV4)
		{4A0067BC-C937-4B56-ADE7-A502832D9FC5}.Release|Smartphone 2003 (ARMV4).Deploy.0 = Release|Smartphone 2003 (ARMV4)
		{4A0067BC-C937-4B56-ADE7-A502832D9FC5}.Release|Win32.ActiveCfg = Release|Windows Mobile 6 Professional SDK (ARMV4I)
		{4A0067BC-C937-4B56-ADE7-A502832D9FC5}.Release|Win32.Build.0 = Release|Windows Mobile 6 Professional SDK (ARMV4I)
		{4A0067BC-C937-4B56-ADE7-A502832D9FC5}.Release|Windows Mobile 5.0 Pocket PC SDK (ARMV4I).ActiveCfg = Release|Windows Mobile 5.0 Pocket PC SDK (ARMV4I)
		{4A0067BC-C937-4B56-ADE7-A502832D9FC5}.Release|Windows Mobile 5.0 Pocket PC SDK (ARMV4I).Build.0 = Release|Windows Mobile 5.0 Pocket PC SDK (ARMV4I)
		{4A0067BC-C937-4B56-ADE7-A502832D9FC5}.Release|Windows Mobile 5.0 Pocket PC SDK (ARMV4I).Deploy.0 = Release|Windows Mobile 5.0 Pocket PC SDK (ARMV4I)
		{4A0067BC-C937-4B56-ADE7-A502832D9FC5}.Release|Windows Mobile 5.0 Smartphone SDK (ARMV4I).ActiveCfg = Release|Windows Mobile 5.0 Smartphone SDK (ARMV4I)
		{4A0067BC-C937-4B56-ADE7-A502832D9FC5}.Release|Windows Mobile 5.0 Smartphone SDK (ARMV4I).Build.0 = Release|Windows Mobile 5.0 Smartphone SDK (ARMV4I)
		{4A0067BC-C937-4B56-ADE7-A502832D9FC5}.Release|Windows Mobile 5.0 Smartphone SDK (ARMV4I).Deploy.0 = Release|Windows Mobile 5.0 Smartphone SDK (ARMV4I)
		{4A0067BC-C937-4B56-ADE7-A502832D9FC5}.Release|Windows Mobile 6 Professional SDK (ARMV4I).ActiveCfg = Release|Windows Mobile 6 Professional SDK (ARMV4I)
		{4A0067BC-C937-4B56-ADE7-A502832D9FC5}.Release|Windows Mobile 6 Professional SDK (ARMV4I).Build.0 = Release|Windows Mobile 6 Professional SDK (ARMV4I)
		{4A0067BC-C937-4B56-ADE7-A502832D9FC5}.Release|Windows Mobile 6 Professional SDK (ARMV4I).Deploy.0 = Release|Windows Mobile 6 Professional SDK (ARMV4I)
		{60FEB75F-28B0-44CC-BB61-C1B8D0BE7260}.Debug|Mixed Platforms.ActiveCfg = Debug|Windows Mobile 6 Professional SDK (ARMV4I)
		{60FEB75F-28B0-44CC-BB61-C1B8D0BE7260}.Debug|Mixed Platforms.Build.0 = Debug|Windows Mobile 6 Professional SDK (ARMV4I)
		{60FEB75F-28B0-44CC-BB61-C1B8D0BE7260}.Debug|Mixed Platforms.Deploy.0 = Debug|Windows Mobile 6 Professional SDK (ARMV4I)
		{60FEB75F-28B0-44CC-BB61-C1B8D0BE7260}.Debug|Pocket PC 2003 (ARMV4).ActiveCfg = Debug|Pocket PC 2003 (ARMV4)
		{60FEB75F-28B0-44CC-BB61-C1B8D0BE7260}.Debug|Pocket PC 2003 (ARMV4).Build.0 = Debug|Pocket PC 2003 (ARMV4)
		{60FEB75F-28B0-44CC-BB61-C1B8D0BE7260}.Debug|Pocket PC 2003 (ARMV4).Deploy.0 = Debug|Pocket PC 2003 (ARMV4)
		{60FEB75F-28B0-44CC-BB61-C1B8D0BE7260}.Debug|Smartphone 2003 (ARMV4).ActiveCfg = Debug|Smartphone 2003 (ARMV4)
		{60FEB75F-28B0-44CC-BB61-C1B8D0BE7260}.Debug|Smartphone 2003 (ARMV4).Build.0 = Debug|Smartphone 2003 (ARMV4)
		{60FEB75F-28B0-44CC-BB61-C1B8D0BE7260}.Debug|Smartphone 2003 (ARMV4).Deploy.0 = Debug|Smartphone 2003 (ARMV4)
		{60FEB75F-28B0-44CC-BB61-C1B8D0BE7260}.Debug|Win32.ActiveCfg = Debug|Windows Mobile 6 Professional SDK (ARMV4I)
		{60FEB75F-28B0-44CC-BB61-C1B8D0BE7260}.Debug|Win32.Build.0 = Debug|Windows Mobile 6 Professional SDK (ARMV4I)
		{60FEB75F-28B0-44CC-BB61-C1B8D0BE7260}.Debug|Windows Mobile 5.0 Pocket PC SDK (ARMV4I).ActiveCfg = Debug|Windows Mobile 5.0 Pocket PC SDK (ARMV4I)
		{60FEB75F-28B0-44CC-BB61-C1B8D0BE7260}.Debug|Windows Mobile 5.0 Pocket PC SDK (ARMV4I).Build.0 = Debug|Windows Mobile 5.0 Pocket PC SDK (ARMV4I)
		{60FEB75F-28B0-44CC-BB61-C1B8D0BE7260}.Debug|Windows Mobile 5.0 Pocket PC SDK (ARMV4I).Deploy.0 = Debug|Windows Mobile 5.0 Pocket PC SDK (ARMV4I)
		{60FEB75F-28B0-44CC-BB61-C1B8D0BE7260}.Debug|Windows Mobile 5.0 Smartphone SDK (ARMV4I).ActiveCfg = Debug|Windows Mobile 5.0 Smartphone SDK (ARMV4I)
		{60FEB75F-28B0-44CC-BB61-C1B8D0BE7260}.Debug|Windows Mobile 5.0 Smartphone SDK (ARMV4I).Build.0 = Debug|Windows Mobile 5.0 Smartphone SDK (ARMV4I)
		{60FEB75F-28B0-44CC-BB61-C1B8D0BE7260}.Debug|Windows Mobile 5.0 Smartphone SDK (ARMV4I).Deploy.0 = Debug|Windows Mobile 5.0 Smartphone SDK (ARMV4I)
		{60FEB75F-28B0-44CC-BB61-C1B8D0BE7260}.Debug|Windows Mobile 6 Professional SDK (ARMV4I).ActiveCfg = Debug|Windows Mobile 6 Professional SDK (ARMV4I)
		{60FEB75F-28B0-44CC-BB61-C1B8D0BE7260}.Debug|Windows Mobile 6 Professional SDK (ARMV4I).Build.0 = Debug|Windows Mobile 6 Professional SDK (ARMV4I)
		{60FEB75F-28B0-44CC-BB61-C1B8D0BE7260}.Debug|Windows Mobile 6 Professional SDK (ARMV4I).Deploy.0 = Debug|Windows Mobile 6 Professional SDK (ARMV4I)
		{60FEB75F-28B0-44CC-BB61-C1B8D0BE7260}.Release|Mixed Platforms.ActiveCfg = Release|Windows Mobile 6 Professional SDK (ARMV4I)
		{60FEB75F-28B0-44CC-BB61-C1B8D0BE7260}.Release|Mixed Platforms.Build.0 = Release|Windows Mobile 6 Professional SDK (ARMV4I)
		{60FEB75F-28B0-44CC-BB61-C1B8D0BE7260}.Release|Mixed Platforms.Deploy.0 = Release|Windows Mobile 6 Professional SDK (ARMV4I)
		{60FEB75F-28B0-44CC-BB61-C1B8D0BE7260}.Release|Pocket PC 2003 (ARMV4).ActiveCfg = Release|Pocket PC 2003 (ARMV4)
		{60FEB75F-28B0-44CC-BB61-C1B8D0BE7260}.Release|Pocket PC 2003 (ARMV4).Build.0 = Release|Pocket PC 2003 (ARMV4)
		{60FEB75F-28B0-44CC-BB61-C1B8D0BE7260}.Release|Pocket PC 2003 (ARMV4).Deploy.0 = Release|Pocket PC 2003 (ARMV4)
		{60FEB75F-28B0-44CC-BB61-C1B8D0BE7260}.Release|Smartphone 2003 (ARMV4).ActiveCfg = Release|Smartphone 2003 (ARMV4)
		{60FEB75F-28B0-44CC-BB61-C1B8D0BE7260}.Release|Smartphone 2003 (ARMV4).Build.0 = Release|Smartphone 2003 (ARMV4)
		{60FEB75F-28B0-44CC-BB61-C1B8D0BE7260}.Release|Smartphone 2003 (ARMV4).Deploy.0 = Release|Smartphone 2003 (ARMV4)
		{60FEB75F-28B0-44CC-BB61-C1B8D0BE7260}.Release|Win32.ActiveCfg = Release|Windows Mobile 6 Professional SDK (ARMV4I)
		{60FEB75F-28B0-44CC-BB61-C1B8D0BE7260}.Release|Win32.Build.0 = Release|Windows Mobile 6 Professional SDK (ARMV4I)
		{60FEB75F-28B0-44CC-BB61-C1B8D0BE7260}.Release|Windows Mobile 5.0 Pocket PC SDK (ARMV4I).ActiveCfg = Release|Windows Mobile 5.0 Pocket PC SDK (ARMV4I)
		{60FEB75F-28B0-44CC-BB61-C1B8D0BE7260}.Release|Windows Mobile 5.0 Pocket PC SDK (ARMV4I).Build.0 = Release|Windows Mobile 5.0 Pocket PC SDK (ARMV4I)
		{60FEB75F-28B0-44CC-BB61-C1B8D0BE7260}.Release|Windows Mobile 5.0 Pocket PC SDK (ARMV4I).Deploy.0 = Release|Windows Mobile 5.0 Pocket PC SDK (ARMV4I)
		{60FEB75F-28B0-44CC-BB61-C1B8D0BE7260}.Release|Windows Mobile 5.0 Smartphone SDK (ARMV4I).ActiveCfg = Release|Windows Mobile 5.0 Smartphone SDK (ARMV4I)
		{60FEB75F-28B0-44CC-BB61-C1B8D0BE7260}.Release|Windows Mobile 5.0 Smartphone SDK (ARMV4I).Build.0 = Release|Windows Mobile 5.0 Smartphone SDK (ARMV4I)
		{60FEB75F-28B0-44CC-BB61-C1B8D0BE7260}.Release|Windows Mobile 5.0 Smartphone SDK (ARMV4I).Deploy.0 = Release|Windows Mobile 5.0 Smartphone SDK (ARMV4I)
		{60FEB75F-28B0-44CC-BB61-C1B8D0BE7260}.Release|Windows Mobile 6 Professional SDK (ARMV4I).ActiveCfg = Release|Windows Mobile 6 Professional SDK (ARMV4I)
		{60FEB75F-28B0-44CC-BB61-C1B8D0BE7260}.Release|Windows Mobile 6 Professional SDK (ARMV4I).Build.0 = Release|Windows Mobile 6 Professional SDK (ARMV4I)
		{60FEB75F-28B0-44CC-BB61-C1B8D0BE7260}.Release|Windows Mobile 6 Professional SDK (ARMV4I).Deploy.0 = Release|Windows Mobile 6 Professional SDK (ARMV4I)
	EndGlobalSection
	GlobalSection(SolutionProperties) = preSolution
		HideSolutionNode = FALSE
	EndGlobalSection
EndGlobal
